// !$*UTF8*$!
{
	archiveVersion = 1;
	classes = {
	};
	objectVersion = 70;
	objects = {

/* Begin PBXBuildFile section */
		13B07FBF1A68108700A75B9A /* Images.xcassets in Resources */ = {isa = PBXBuildFile; fileRef = 13B07FB51A68108700A75B9A /* Images.xcassets */; };
		398AB9879B9155ADE770688F /* PrivacyInfo.xcprivacy in Resources */ = {isa = PBXBuildFile; fileRef = 263B641A815200CC98FB6AF2 /* PrivacyInfo.xcprivacy */; };
		3E461D99554A48A4959DE609 /* SplashScreen.storyboard in Resources */ = {isa = PBXBuildFile; fileRef = AA286B85B6C04FC6940260E9 /* SplashScreen.storyboard */; };
		82C5C3362F3496990076F4AF /* Messages.framework in Frameworks */ = {isa = PBXBuildFile; fileRef = 82C5C3352F3496980076F4AF /* Messages.framework */; };
		82C5C3422F34969A0076F4AF /* PlanToMeetMessages.appex in Embed Foundation Extensions */ = {isa = PBXBuildFile; fileRef = 82C5C3342F3496980076F4AF /* PlanToMeetMessages.appex */; settings = {ATTRIBUTES = (RemoveHeadersOnCopy, ); }; };
		F2000001000000000000001A /* PlanToMeetApp.swift in Sources */ = {isa = PBXBuildFile; fileRef = F2000001000000000000000A /* PlanToMeetApp.swift */; };
		F2000002000000000000001A /* MainTabView.swift in Sources */ = {isa = PBXBuildFile; fileRef = F2000002000000000000000A /* MainTabView.swift */; };
		F2000003000000000000001A /* HomeView.swift in Sources */ = {isa = PBXBuildFile; fileRef = F2000003000000000000000A /* HomeView.swift */; };
		F2000005000000000000001A /* PollDetailScreen.swift in Sources */ = {isa = PBXBuildFile; fileRef = F2000005000000000000000A /* PollDetailScreen.swift */; };
		F2000006000000000000001A /* SettingsView.swift in Sources */ = {isa = PBXBuildFile; fileRef = F2000006000000000000000A /* SettingsView.swift */; };
		F2000007000000000000001A /* AppConstants.swift in Sources */ = {isa = PBXBuildFile; fileRef = F2000007000000000000000A /* AppConstants.swift */; };
		F2000008000000000000001A /* AppState.swift in Sources */ = {isa = PBXBuildFile; fileRef = F2000008000000000000000A /* AppState.swift */; };
		F2000009000000000000001A /* Theme.swift in Sources */ = {isa = PBXBuildFile; fileRef = F2000009000000000000000A /* Theme.swift */; };
		F200000A000000000000001A /* SupabaseAPI.swift in Sources */ = {isa = PBXBuildFile; fileRef = F200000A000000000000000A /* SupabaseAPI.swift */; };
		F200000B000000000000001A /* AvailabilityGridView.swift in Sources */ = {isa = PBXBuildFile; fileRef = F200000B000000000000000A /* AvailabilityGridView.swift */; };
		F3000007000000000000002A /* AppConstants.swift in Sources */ = {isa = PBXBuildFile; fileRef = F2000007000000000000000A /* AppConstants.swift */; };
		F3000008000000000000002A /* AppState.swift in Sources */ = {isa = PBXBuildFile; fileRef = F2000008000000000000000A /* AppState.swift */; };
		F3000009000000000000002A /* Theme.swift in Sources */ = {isa = PBXBuildFile; fileRef = F2000009000000000000000A /* Theme.swift */; };
		F300000A000000000000002A /* SupabaseAPI.swift in Sources */ = {isa = PBXBuildFile; fileRef = F200000A000000000000000A /* SupabaseAPI.swift */; };
		F300000B000000000000002A /* AvailabilityGridView.swift in Sources */ = {isa = PBXBuildFile; fileRef = F200000B000000000000000A /* AvailabilityGridView.swift */; };
		F4000001000000000000003A /* PlanToMeetClipApp.swift in Sources */ = {isa = PBXBuildFile; fileRef = F4000001000000000000000C /* PlanToMeetClipApp.swift */; };
		F4000002000000000000003A /* AppClipRootView.swift in Sources */ = {isa = PBXBuildFile; fileRef = F4000002000000000000000C /* AppClipRootView.swift */; };
		F4000003000000000000003A /* AppClipPollView.swift in Sources */ = {isa = PBXBuildFile; fileRef = F4000003000000000000000C /* AppClipPollView.swift */; };
		F4000007000000000000003A /* AppConstants.swift in Sources */ = {isa = PBXBuildFile; fileRef = F2000007000000000000000A /* AppConstants.swift */; };
		F4000008000000000000003A /* AppState.swift in Sources */ = {isa = PBXBuildFile; fileRef = F2000008000000000000000A /* AppState.swift */; };
		F4000009000000000000003A /* Theme.swift in Sources */ = {isa = PBXBuildFile; fileRef = F2000009000000000000000A /* Theme.swift */; };
		F400000A000000000000003A /* SupabaseAPI.swift in Sources */ = {isa = PBXBuildFile; fileRef = F200000A000000000000000A /* SupabaseAPI.swift */; };
		F4000050000000000000003A /* PlanToMeetClip.app in Embed App Clips */ = {isa = PBXBuildFile; fileRef = F4000010000000000000000C /* PlanToMeetClip.app */; settings = {ATTRIBUTES = (RemoveHeadersOnCopy, ); }; };
/* End PBXBuildFile section */

/* Begin PBXContainerItemProxy section */
		82C5C3402F34969A0076F4AF /* PBXContainerItemProxy */ = {
			isa = PBXContainerItemProxy;
			containerPortal = 83CBB9F71A601CBA00E9B192 /* Project object */;
			proxyType = 1;
			remoteGlobalIDString = 82C5C3332F3496980076F4AF;
			remoteInfo = PlanToMeetMessages;
		};
		F4000040000000000000000C /* PBXContainerItemProxy */ = {
			isa = PBXContainerItemProxy;
			containerPortal = 83CBB9F71A601CBA00E9B192 /* Project object */;
			proxyType = 1;
			remoteGlobalIDString = F4000011000000000000000C;
			remoteInfo = PlanToMeetClip;
		};
/* End PBXContainerItemProxy section */

/* Begin PBXCopyFilesBuildPhase section */
		82C5C3432F34969A0076F4AF /* Embed Foundation Extensions */ = {
			isa = PBXCopyFilesBuildPhase;
			buildActionMask = 2147483647;
			dstPath = "";
			dstSubfolderSpec = 13;
			files = (
				82C5C3422F34969A0076F4AF /* PlanToMeetMessages.appex in Embed Foundation Extensions */,
			);
			name = "Embed Foundation Extensions";
			runOnlyForDeploymentPostprocessing = 0;
		};
		F4000051000000000000000C /* Embed App Clips */ = {
			isa = PBXCopyFilesBuildPhase;
			buildActionMask = 2147483647;
			dstPath = "$(CONTENTS_FOLDER_PATH)/AppClips";
			dstSubfolderSpec = 16;
			files = (
				F4000050000000000000003A /* PlanToMeetClip.app in Embed App Clips */,
			);
			name = "Embed App Clips";
			runOnlyForDeploymentPostprocessing = 0;
		};
/* End PBXCopyFilesBuildPhase section */

/* Begin PBXFileReference section */
		13B07F961A680F5B00A75B9A /* PlanToMeet.app */ = {isa = PBXFileReference; explicitFileType = wrapper.application; includeInIndex = 0; path = PlanToMeet.app; sourceTree = BUILT_PRODUCTS_DIR; };
		13B07FB51A68108700A75B9A /* Images.xcassets */ = {isa = PBXFileReference; lastKnownFileType = folder.assetcatalog; name = Images.xcassets; path = PlanToMeet/Images.xcassets; sourceTree = "<group>"; };
		13B07FB61A68108700A75B9A /* Info.plist */ = {isa = PBXFileReference; fileEncoding = 4; lastKnownFileType = text.plist.xml; name = Info.plist; path = PlanToMeet/Info.plist; sourceTree = "<group>"; };
		263B641A815200CC98FB6AF2 /* PrivacyInfo.xcprivacy */ = {isa = PBXFileReference; includeInIndex = 1; lastKnownFileType = text.xml; name = PrivacyInfo.xcprivacy; path = PlanToMeet/PrivacyInfo.xcprivacy; sourceTree = "<group>"; };
		82C5C3342F3496980076F4AF /* PlanToMeetMessages.appex */ = {isa = PBXFileReference; explicitFileType = "wrapper.app-extension"; includeInIndex = 0; path = PlanToMeetMessages.appex; sourceTree = BUILT_PRODUCTS_DIR; };
		82C5C3352F3496980076F4AF /* Messages.framework */ = {isa = PBXFileReference; lastKnownFileType = wrapper.framework; name = Messages.framework; path = System/Library/Frameworks/Messages.framework; sourceTree = SDKROOT; };
		AA286B85B6C04FC6940260E9 /* SplashScreen.storyboard */ = {isa = PBXFileReference; fileEncoding = 4; lastKnownFileType = file.storyboard; name = SplashScreen.storyboard; path = PlanToMeet/SplashScreen.storyboard; sourceTree = "<group>"; };
		F1SECRETS2F34A0000076F4AF /* PlanToMeetMessages/Secrets.xcconfig */ = {isa = PBXFileReference; lastKnownFileType = text.xcconfig; path = PlanToMeetMessages/Secrets.xcconfig; sourceTree = "<group>"; };
		F1SECRETS2F34A0010076F4AF /* Secrets.xcconfig */ = {isa = PBXFileReference; lastKnownFileType = text.xcconfig; name = Secrets.xcconfig; path = PlanToMeet/Secrets.xcconfig; sourceTree = "<group>"; };
		F2000001000000000000000A /* PlanToMeetApp.swift */ = {isa = PBXFileReference; lastKnownFileType = sourcecode.swift; path = PlanToMeetApp.swift; sourceTree = "<group>"; };
		F2000002000000000000000A /* MainTabView.swift */ = {isa = PBXFileReference; lastKnownFileType = sourcecode.swift; path = MainTabView.swift; sourceTree = "<group>"; };
		F2000003000000000000000A /* HomeView.swift */ = {isa = PBXFileReference; lastKnownFileType = sourcecode.swift; path = HomeView.swift; sourceTree = "<group>"; };
		F2000005000000000000000A /* PollDetailScreen.swift */ = {isa = PBXFileReference; lastKnownFileType = sourcecode.swift; path = PollDetailScreen.swift; sourceTree = "<group>"; };
		F2000006000000000000000A /* SettingsView.swift */ = {isa = PBXFileReference; lastKnownFileType = sourcecode.swift; path = SettingsView.swift; sourceTree = "<group>"; };
		F2000007000000000000000A /* AppConstants.swift */ = {isa = PBXFileReference; lastKnownFileType = sourcecode.swift; path = AppConstants.swift; sourceTree = "<group>"; };
		F2000008000000000000000A /* AppState.swift */ = {isa = PBXFileReference; lastKnownFileType = sourcecode.swift; path = AppState.swift; sourceTree = "<group>"; };
		F2000009000000000000000A /* Theme.swift */ = {isa = PBXFileReference; lastKnownFileType = sourcecode.swift; path = Theme.swift; sourceTree = "<group>"; };
		F200000A000000000000000A /* SupabaseAPI.swift */ = {isa = PBXFileReference; lastKnownFileType = sourcecode.swift; path = SupabaseAPI.swift; sourceTree = "<group>"; };
		F200000B000000000000000A /* AvailabilityGridView.swift */ = {isa = PBXFileReference; lastKnownFileType = sourcecode.swift; path = AvailabilityGridView.swift; sourceTree = "<group>"; };
		F4000001000000000000000C /* PlanToMeetClipApp.swift */ = {isa = PBXFileReference; lastKnownFileType = sourcecode.swift; path = PlanToMeetClipApp.swift; sourceTree = "<group>"; };
		F4000002000000000000000C /* AppClipRootView.swift */ = {isa = PBXFileReference; lastKnownFileType = sourcecode.swift; path = AppClipRootView.swift; sourceTree = "<group>"; };
		F4000003000000000000000C /* AppClipPollView.swift */ = {isa = PBXFileReference; lastKnownFileType = sourcecode.swift; path = AppClipPollView.swift; sourceTree = "<group>"; };
		F4000004000000000000000C /* Info.plist */ = {isa = PBXFileReference; lastKnownFileType = text.plist.xml; path = Info.plist; sourceTree = "<group>"; };
		F4000005000000000000000C /* PlanToMeetClip.entitlements */ = {isa = PBXFileReference; lastKnownFileType = text.plist.entitlements; path = PlanToMeetClip.entitlements; sourceTree = "<group>"; };
		F4000006000000000000000C /* Secrets.xcconfig */ = {isa = PBXFileReference; lastKnownFileType = text.xcconfig; path = Secrets.xcconfig; sourceTree = "<group>"; };
		F4000010000000000000000C /* PlanToMeetClip.app */ = {isa = PBXFileReference; explicitFileType = wrapper.application; includeInIndex = 0; path = PlanToMeetClip.app; sourceTree = BUILT_PRODUCTS_DIR; };
/* End PBXFileReference section */

/* Begin PBXFileSystemSynchronizedBuildFileExceptionSet section */
		82C5C3462F34969A0076F4AF /* PBXFileSystemSynchronizedBuildFileExceptionSet */ = {
			isa = PBXFileSystemSynchronizedBuildFileExceptionSet;
			membershipExceptions = (
				Info.plist,
			);
			target = 82C5C3332F3496980076F4AF /* PlanToMeetMessages */;
		};
/* End PBXFileSystemSynchronizedBuildFileExceptionSet section */

/* Begin PBXFileSystemSynchronizedRootGroup section */
		82C5C3372F3496990076F4AF /* PlanToMeetMessages */ = {isa = PBXFileSystemSynchronizedRootGroup; exceptions = (82C5C3462F34969A0076F4AF /* PBXFileSystemSynchronizedBuildFileExceptionSet */, ); explicitFileTypes = {}; explicitFolders = (); path = PlanToMeetMessages; sourceTree = "<group>"; };
/* End PBXFileSystemSynchronizedRootGroup section */

/* Begin PBXFrameworksBuildPhase section */
		13B07F8C1A680F5B00A75B9A /* Frameworks */ = {
			isa = PBXFrameworksBuildPhase;
			buildActionMask = 2147483647;
			files = (
			);
			runOnlyForDeploymentPostprocessing = 0;
		};
		82C5C3312F3496980076F4AF /* Frameworks */ = {
			isa = PBXFrameworksBuildPhase;
			buildActionMask = 2147483647;
			files = (
				82C5C3362F3496990076F4AF /* Messages.framework in Frameworks */,
			);
			runOnlyForDeploymentPostprocessing = 0;
		};
		F4000012000000000000000C /* Frameworks */ = {
			isa = PBXFrameworksBuildPhase;
			buildActionMask = 2147483647;
			files = (
			);
			runOnlyForDeploymentPostprocessing = 0;
		};
/* End PBXFrameworksBuildPhase section */

/* Begin PBXGroup section */
		13B07FAE1A68108700A75B9A /* PlanToMeet */ = {
			isa = PBXGroup;
			children = (
				F2000020000000000000000A /* PlanToMeet/App */,
				F2000021000000000000000A /* PlanToMeet/Views */,
				13B07FB51A68108700A75B9A /* Images.xcassets */,
				13B07FB61A68108700A75B9A /* Info.plist */,
				AA286B85B6C04FC6940260E9 /* SplashScreen.storyboard */,
				263B641A815200CC98FB6AF2 /* PrivacyInfo.xcprivacy */,
				F1SECRETS2F34A0010076F4AF /* Secrets.xcconfig */,
			);
			name = PlanToMeet;
			sourceTree = "<group>";
		};
		2D16E6871FA4F8E400B85C8A /* Frameworks */ = {
			isa = PBXGroup;
			children = (
				82C5C3352F3496980076F4AF /* Messages.framework */,
			);
			name = Frameworks;
			sourceTree = "<group>";
		};
		82CAB2662F35F89500FE1973 /* Recovered References */ = {
			isa = PBXGroup;
			children = (
				F1SECRETS2F34A0000076F4AF /* PlanToMeetMessages/Secrets.xcconfig */,
			);
			name = "Recovered References";
			sourceTree = "<group>";
		};
		83CBB9F61A601CBA00E9B192 = {
			isa = PBXGroup;
			children = (
				F2000022000000000000000A /* Shared */,
				13B07FAE1A68108700A75B9A /* PlanToMeet */,
				82C5C3372F3496990076F4AF /* PlanToMeetMessages */,
				F4000020000000000000000C /* PlanToMeetClip */,
				83CBBA001A601CBA00E9B192 /* Products */,
				2D16E6871FA4F8E400B85C8A /* Frameworks */,
				82CAB2662F35F89500FE1973 /* Recovered References */,
			);
			indentWidth = 2;
			sourceTree = "<group>";
			tabWidth = 2;
			usesTabs = 0;
		};
		83CBBA001A601CBA00E9B192 /* Products */ = {
			isa = PBXGroup;
			children = (
				13B07F961A680F5B00A75B9A /* PlanToMeet.app */,
				82C5C3342F3496980076F4AF /* PlanToMeetMessages.appex */,
				F4000010000000000000000C /* PlanToMeetClip.app */,
			);
			name = Products;
			sourceTree = "<group>";
		};
		F2000020000000000000000A /* PlanToMeet/App */ = {
			isa = PBXGroup;
			children = (
				F2000001000000000000000A /* PlanToMeetApp.swift */,
				F2000002000000000000000A /* MainTabView.swift */,
			);
			path = PlanToMeet/App;
			sourceTree = "<group>";
		};
		F2000021000000000000000A /* PlanToMeet/Views */ = {
			isa = PBXGroup;
			children = (
				F2000003000000000000000A /* HomeView.swift */,
				F2000005000000000000000A /* PollDetailScreen.swift */,
				F2000006000000000000000A /* SettingsView.swift */,
			);
			path = PlanToMeet/Views;
			sourceTree = "<group>";
		};
		F2000022000000000000000A /* Shared */ = {
			isa = PBXGroup;
			children = (
				F2000007000000000000000A /* AppConstants.swift */,
				F2000008000000000000000A /* AppState.swift */,
				F2000009000000000000000A /* Theme.swift */,
				F200000A000000000000000A /* SupabaseAPI.swift */,
				F200000B000000000000000A /* AvailabilityGridView.swift */,
			);
			path = Shared;
			sourceTree = "<group>";
		};
		F4000020000000000000000C /* PlanToMeetClip */ = {
			isa = PBXGroup;
			children = (
				F4000001000000000000000C /* PlanToMeetClipApp.swift */,
				F4000002000000000000000C /* AppClipRootView.swift */,
				F4000003000000000000000C /* AppClipPollView.swift */,
				F4000004000000000000000C /* Info.plist */,
				F4000005000000000000000C /* PlanToMeetClip.entitlements */,
				F4000006000000000000000C /* Secrets.xcconfig */,
			);
			path = PlanToMeetClip;
			sourceTree = "<group>";
		};
/* End PBXGroup section */

/* Begin PBXNativeTarget section */
		13B07F861A680F5B00A75B9A /* PlanToMeet */ = {
			isa = PBXNativeTarget;
			buildConfigurationList = 13B07F931A680F5B00A75B9A /* Build configuration list for PBXNativeTarget "PlanToMeet" */;
			buildPhases = (
				13B07F871A680F5B00A75B9A /* Sources */,
				13B07F8C1A680F5B00A75B9A /* Frameworks */,
				13B07F8E1A680F5B00A75B9A /* Resources */,
				82C5C3432F34969A0076F4AF /* Embed Foundation Extensions */,
				F4000051000000000000000C /* Embed App Clips */,
			);
			buildRules = (
			);
			dependencies = (
				82C5C3412F34969A0076F4AF /* PBXTargetDependency */,
				F4000041000000000000000C /* PBXTargetDependency */,
			);
			name = PlanToMeet;
			productName = PlanToMeet;
			productReference = 13B07F961A680F5B00A75B9A /* PlanToMeet.app */;
			productType = "com.apple.product-type.application";
		};
		82C5C3332F3496980076F4AF /* PlanToMeetMessages */ = {
			isa = PBXNativeTarget;
			buildConfigurationList = 82C5C3472F34969A0076F4AF /* Build configuration list for PBXNativeTarget "PlanToMeetMessages" */;
			buildPhases = (
				82C5C3302F3496980076F4AF /* Sources */,
				82C5C3312F3496980076F4AF /* Frameworks */,
				82C5C3322F3496980076F4AF /* Resources */,
			);
			buildRules = (
			);
			dependencies = (
			);
			fileSystemSynchronizedGroups = (
				82C5C3372F3496990076F4AF /* PlanToMeetMessages */,
			);
			name = PlanToMeetMessages;
			packageProductDependencies = (
			);
			productName = PlanToMeetMessages;
			productReference = 82C5C3342F3496980076F4AF /* PlanToMeetMessages.appex */;
			productType = "com.apple.product-type.app-extension.messages";
		};
		F4000011000000000000000C /* PlanToMeetClip */ = {
			isa = PBXNativeTarget;
			buildConfigurationList = F4000030000000000000000C /* Build configuration list for PBXNativeTarget "PlanToMeetClip" */;
			buildPhases = (
				F4000013000000000000000C /* Sources */,
				F4000012000000000000000C /* Frameworks */,
				F4000014000000000000000C /* Resources */,
			);
			buildRules = (
			);
			dependencies = (
			);
			name = PlanToMeetClip;
			packageProductDependencies = (
			);
			productName = PlanToMeetClip;
			productReference = F4000010000000000000000C /* PlanToMeetClip.app */;
			productType = "com.apple.product-type.application.on-demand-install-capable";
		};
/* End PBXNativeTarget section */

/* Begin PBXProject section */
		83CBB9F71A601CBA00E9B192 /* Project object */ = {
			isa = PBXProject;
			attributes = {
				LastSwiftUpdateCheck = 2620;
				LastUpgradeCheck = 1130;
				TargetAttributes = {
					13B07F861A680F5B00A75B9A = {
						LastSwiftMigration = 1250;
					};
					82C5C3332F3496980076F4AF = {
						CreatedOnToolsVersion = 26.2;
					};
					F4000011000000000000000C = {
						CreatedOnToolsVersion = 26.2;
					};
				};
			};
			buildConfigurationList = 83CBB9FA1A601CBA00E9B192 /* Build configuration list for PBXProject "PlanToMeet" */;
			compatibilityVersion = "Xcode 3.2";
			developmentRegion = en;
			hasScannedForEncodings = 0;
			knownRegions = (
				en,
				Base,
			);
			mainGroup = 83CBB9F61A601CBA00E9B192;
			productRefGroup = 83CBBA001A601CBA00E9B192 /* Products */;
			projectDirPath = "";
			projectRoot = "";
			targets = (
				13B07F861A680F5B00A75B9A /* PlanToMeet */,
				82C5C3332F3496980076F4AF /* PlanToMeetMessages */,
				F4000011000000000000000C /* PlanToMeetClip */,
			);
		};
/* End PBXProject section */

/* Begin PBXResourcesBuildPhase section */
		13B07F8E1A680F5B00A75B9A /* Resources */ = {
			isa = PBXResourcesBuildPhase;
			buildActionMask = 2147483647;
			files = (
				13B07FBF1A68108700A75B9A /* Images.xcassets in Resources */,
				3E461D99554A48A4959DE609 /* SplashScreen.storyboard in Resources */,
				398AB9879B9155ADE770688F /* PrivacyInfo.xcprivacy in Resources */,
			);
			runOnlyForDeploymentPostprocessing = 0;
		};
		82C5C3322F3496980076F4AF /* Resources */ = {
			isa = PBXResourcesBuildPhase;
			buildActionMask = 2147483647;
			files = (
			);
			runOnlyForDeploymentPostprocessing = 0;
		};
		F4000014000000000000000C /* Resources */ = {
			isa = PBXResourcesBuildPhase;
			buildActionMask = 2147483647;
			files = (
			);
			runOnlyForDeploymentPostprocessing = 0;
		};
/* End PBXResourcesBuildPhase section */

/* Begin PBXSourcesBuildPhase section */
		13B07F871A680F5B00A75B9A /* Sources */ = {
			isa = PBXSourcesBuildPhase;
			buildActionMask = 2147483647;
			files = (
				F2000001000000000000001A /* PlanToMeetApp.swift in Sources */,
				F2000002000000000000001A /* MainTabView.swift in Sources */,
				F2000003000000000000001A /* HomeView.swift in Sources */,
				F2000005000000000000001A /* PollDetailScreen.swift in Sources */,
				F2000006000000000000001A /* SettingsView.swift in Sources */,
				F2000007000000000000001A /* AppConstants.swift in Sources */,
				F2000008000000000000001A /* AppState.swift in Sources */,
				F2000009000000000000001A /* Theme.swift in Sources */,
				F200000A000000000000001A /* SupabaseAPI.swift in Sources */,
				F200000B000000000000001A /* AvailabilityGridView.swift in Sources */,
			);
			runOnlyForDeploymentPostprocessing = 0;
		};
		82C5C3302F3496980076F4AF /* Sources */ = {
			isa = PBXSourcesBuildPhase;
			buildActionMask = 2147483647;
			files = (
				F3000007000000000000002A /* AppConstants.swift in Sources */,
				F3000008000000000000002A /* AppState.swift in Sources */,
				F3000009000000000000002A /* Theme.swift in Sources */,
				F300000A000000000000002A /* SupabaseAPI.swift in Sources */,
				F300000B000000000000002A /* AvailabilityGridView.swift in Sources */,
			);
			runOnlyForDeploymentPostprocessing = 0;
		};
		F4000013000000000000000C /* Sources */ = {
			isa = PBXSourcesBuildPhase;
			buildActionMask = 2147483647;
			files = (
				F4000001000000000000003A /* PlanToMeetClipApp.swift in Sources */,
				F4000002000000000000003A /* AppClipRootView.swift in Sources */,
				F4000003000000000000003A /* AppClipPollView.swift in Sources */,
				F4000007000000000000003A /* AppConstants.swift in Sources */,
				F4000008000000000000003A /* AppState.swift in Sources */,
				F4000009000000000000003A /* Theme.swift in Sources */,
				F400000A000000000000003A /* SupabaseAPI.swift in Sources */,
			);
			runOnlyForDeploymentPostprocessing = 0;
		};
/* End PBXSourcesBuildPhase section */

/* Begin PBXTargetDependency section */
		82C5C3412F34969A0076F4AF /* PBXTargetDependency */ = {
			isa = PBXTargetDependency;
			target = 82C5C3332F3496980076F4AF /* PlanToMeetMessages */;
			targetProxy = 82C5C3402F34969A0076F4AF /* PBXContainerItemProxy */;
		};
		F4000041000000000000000C /* PBXTargetDependency */ = {
			isa = PBXTargetDependency;
			target = F4000011000000000000000C /* PlanToMeetClip */;
			targetProxy = F4000040000000000000000C /* PBXContainerItemProxy */;
		};
/* End PBXTargetDependency section */

/* Begin XCBuildConfiguration section */
		13B07F941A680F5B00A75B9A /* Debug */ = {
			isa = XCBuildConfiguration;
			baseConfigurationReference = F1SECRETS2F34A0010076F4AF /* Secrets.xcconfig */;
			buildSettings = {
				ASSETCATALOG_COMPILER_APPICON_NAME = AppIcon;
				CLANG_ENABLE_MODULES = YES;
				CODE_SIGN_ENTITLEMENTS = PlanToMeet/PlanToMeet.entitlements;
				CODE_SIGN_STYLE = Automatic;
				CURRENT_PROJECT_VERSION = 1;
				DEVELOPMENT_TEAM = 3QY3LY2U66;
				ENABLE_BITCODE = NO;
				ENABLE_RESOURCE_ACCESS_CALENDARS = YES;
				INFOPLIST_FILE = PlanToMeet/Info.plist;
				IPHONEOS_DEPLOYMENT_TARGET = 16.0;
				LD_RUNPATH_SEARCH_PATHS = (
					"$(inherited)",
					"@executable_path/Frameworks",
				);
				MARKETING_VERSION = 1.0;
				PRODUCT_BUNDLE_IDENTIFIER = com.aviraj.plantomeet;
				PRODUCT_NAME = PlanToMeet;
				SWIFT_OPTIMIZATION_LEVEL = "-Onone";
				SWIFT_VERSION = 5.0;
				TARGETED_DEVICE_FAMILY = "1,2";
				VERSIONING_SYSTEM = "apple-generic";
			};
			name = Debug;
		};
		13B07F951A680F5B00A75B9A /* Release */ = {
			isa = XCBuildConfiguration;
			baseConfigurationReference = F1SECRETS2F34A0010076F4AF /* Secrets.xcconfig */;
			buildSettings = {
				ASSETCATALOG_COMPILER_APPICON_NAME = AppIcon;
				CLANG_ENABLE_MODULES = YES;
				CODE_SIGN_ENTITLEMENTS = PlanToMeet/PlanToMeet.entitlements;
				CODE_SIGN_STYLE = Automatic;
				CURRENT_PROJECT_VERSION = 1;
				DEVELOPMENT_TEAM = 3QY3LY2U66;
				ENABLE_RESOURCE_ACCESS_CALENDARS = YES;
				INFOPLIST_FILE = PlanToMeet/Info.plist;
				IPHONEOS_DEPLOYMENT_TARGET = 16.0;
				LD_RUNPATH_SEARCH_PATHS = (
					"$(inherited)",
					"@executable_path/Frameworks",
				);
				MARKETING_VERSION = 1.0;
				PRODUCT_BUNDLE_IDENTIFIER = com.aviraj.plantomeet;
				PRODUCT_NAME = PlanToMeet;
				SWIFT_VERSION = 5.0;
				TARGETED_DEVICE_FAMILY = "1,2";
				VERSIONING_SYSTEM = "apple-generic";
			};
			name = Release;
		};
		82C5C3442F34969A0076F4AF /* Debug */ = {
			isa = XCBuildConfiguration;
			baseConfigurationReference = F1SECRETS2F34A0000076F4AF /* PlanToMeetMessages/Secrets.xcconfig */;
			buildSettings = {
				ASSETCATALOG_COMPILER_APPICON_NAME = "iMessage App Icon";
				ASSETCATALOG_COMPILER_GENERATE_SWIFT_ASSET_SYMBOL_EXTENSIONS = YES;
				CLANG_ANALYZER_NONNULL = YES;
				CLANG_ANALYZER_NUMBER_OBJECT_CONVERSION = YES_AGGRESSIVE;
				CLANG_CXX_LANGUAGE_STANDARD = "gnu++20";
				CLANG_ENABLE_OBJC_WEAK = YES;
				CLANG_WARN_DOCUMENTATION_COMMENTS = YES;
				CLANG_WARN_QUOTED_INCLUDE_IN_FRAMEWORK_HEADER = YES;
				CLANG_WARN_UNGUARDED_AVAILABILITY = YES_AGGRESSIVE;
				CODE_SIGN_ENTITLEMENTS = PlanToMeetMessages/PlanToMeetMessages.entitlements;
				CODE_SIGN_STYLE = Automatic;
				CURRENT_PROJECT_VERSION = 1;
				DEBUG_INFORMATION_FORMAT = dwarf;
				DEVELOPMENT_TEAM = 3QY3LY2U66;
				ENABLE_RESOURCE_ACCESS_CALENDARS = YES;
				ENABLE_USER_SCRIPT_SANDBOXING = YES;
				GCC_C_LANGUAGE_STANDARD = gnu17;
				GENERATE_INFOPLIST_FILE = YES;
				INFOPLIST_FILE = PlanToMeetMessages/Info.plist;
				INFOPLIST_KEY_CFBundleDisplayName = PlanToMeet;
				INFOPLIST_KEY_NSHumanReadableCopyright = "";
				IPHONEOS_DEPLOYMENT_TARGET = 16.0;
				LD_RUNPATH_SEARCH_PATHS = (
					"$(inherited)",
					"@executable_path/Frameworks",
					"@executable_path/../../Frameworks",
				);
				LOCALIZATION_PREFERS_STRING_CATALOGS = YES;
				MARKETING_VERSION = 1.0;
				MTL_ENABLE_DEBUG_INFO = INCLUDE_SOURCE;
				MTL_FAST_MATH = YES;
				PRODUCT_BUNDLE_IDENTIFIER = com.aviraj.plantomeet.PlanToMeetMessages;
				PRODUCT_NAME = "$(TARGET_NAME)";
				SKIP_INSTALL = YES;
				STRING_CATALOG_GENERATE_SYMBOLS = YES;
				SWIFT_ACTIVE_COMPILATION_CONDITIONS = "DEBUG $(inherited)";
				SWIFT_APPROACHABLE_CONCURRENCY = YES;
				SWIFT_EMIT_LOC_STRINGS = YES;
				SWIFT_OPTIMIZATION_LEVEL = "-Onone";
				SWIFT_UPCOMING_FEATURE_MEMBER_IMPORT_VISIBILITY = YES;
				SWIFT_VERSION = 5.0;
				TARGETED_DEVICE_FAMILY = "1,2";
			};
			name = Debug;
		};
		82C5C3452F34969A0076F4AF /* Release */ = {
			isa = XCBuildConfiguration;
			baseConfigurationReference = F1SECRETS2F34A0000076F4AF /* PlanToMeetMessages/Secrets.xcconfig */;
			buildSettings = {
				ASSETCATALOG_COMPILER_APPICON_NAME = "iMessage App Icon";
				ASSETCATALOG_COMPILER_GENERATE_SWIFT_ASSET_SYMBOL_EXTENSIONS = YES;
				CLANG_ANALYZER_NONNULL = YES;
				CLANG_ANALYZER_NUMBER_OBJECT_CONVERSION = YES_AGGRESSIVE;
				CLANG_CXX_LANGUAGE_STANDARD = "gnu++20";
				CLANG_ENABLE_OBJC_WEAK = YES;
				CLANG_WARN_DOCUMENTATION_COMMENTS = YES;
				CLANG_WARN_QUOTED_INCLUDE_IN_FRAMEWORK_HEADER = YES;
				CLANG_WARN_UNGUARDED_AVAILABILITY = YES_AGGRESSIVE;
				CODE_SIGN_ENTITLEMENTS = PlanToMeetMessages/PlanToMeetMessages.entitlements;
				CODE_SIGN_STYLE = Automatic;
				COPY_PHASE_STRIP = NO;
				CURRENT_PROJECT_VERSION = 1;
				DEBUG_INFORMATION_FORMAT = "dwarf-with-dsym";
				DEVELOPMENT_TEAM = 3QY3LY2U66;
				ENABLE_RESOURCE_ACCESS_CALENDARS = YES;
				ENABLE_USER_SCRIPT_SANDBOXING = YES;
				GCC_C_LANGUAGE_STANDARD = gnu17;
				GENERATE_INFOPLIST_FILE = YES;
				INFOPLIST_FILE = PlanToMeetMessages/Info.plist;
				INFOPLIST_KEY_CFBundleDisplayName = PlanToMeet;
				INFOPLIST_KEY_NSHumanReadableCopyright = "";
				IPHONEOS_DEPLOYMENT_TARGET = 16.0;
				LD_RUNPATH_SEARCH_PATHS = (
					"$(inherited)",
					"@executable_path/Frameworks",
					"@executable_path/../../Frameworks",
				);
				LOCALIZATION_PREFERS_STRING_CATALOGS = YES;
				MARKETING_VERSION = 1.0;
				MTL_FAST_MATH = YES;
				PRODUCT_BUNDLE_IDENTIFIER = com.aviraj.plantomeet.PlanToMeetMessages;
				PRODUCT_NAME = "$(TARGET_NAME)";
				SKIP_INSTALL = YES;
				STRING_CATALOG_GENERATE_SYMBOLS = YES;
				SWIFT_APPROACHABLE_CONCURRENCY = YES;
				SWIFT_COMPILATION_MODE = wholemodule;
				SWIFT_EMIT_LOC_STRINGS = YES;
				SWIFT_UPCOMING_FEATURE_MEMBER_IMPORT_VISIBILITY = YES;
				SWIFT_VERSION = 5.0;
				TARGETED_DEVICE_FAMILY = "1,2";
			};
			name = Release;
		};
		83CBBA201A601CBA00E9B192 /* Debug */ = {
			isa = XCBuildConfiguration;
			buildSettings = {
				ALWAYS_SEARCH_USER_PATHS = NO;
				CLANG_ANALYZER_LOCALIZABILITY_NONLOCALIZED = YES;
				CLANG_CXX_LANGUAGE_STANDARD = "c++20";
				CLANG_CXX_LIBRARY = "libc++";
				CLANG_ENABLE_MODULES = YES;
				CLANG_ENABLE_OBJC_ARC = YES;
				CLANG_WARN_BLOCK_CAPTURE_AUTORELEASING = YES;
				CLANG_WARN_BOOL_CONVERSION = YES;
				CLANG_WARN_COMMA = YES;
				CLANG_WARN_CONSTANT_CONVERSION = YES;
				CLANG_WARN_DEPRECATED_OBJC_IMPLEMENTATIONS = YES;
				CLANG_WARN_DIRECT_OBJC_ISA_USAGE = YES_ERROR;
				CLANG_WARN_EMPTY_BODY = YES;
				CLANG_WARN_ENUM_CONVERSION = YES;
				CLANG_WARN_INFINITE_RECURSION = YES;
				CLANG_WARN_INT_CONVERSION = YES;
				CLANG_WARN_NON_LITERAL_NULL_CONVERSION = YES;
				CLANG_WARN_OBJC_IMPLICIT_RETAIN_SELF = YES;
				CLANG_WARN_OBJC_LITERAL_CONVERSION = YES;
				CLANG_WARN_OBJC_ROOT_CLASS = YES_ERROR;
				CLANG_WARN_RANGE_LOOP_ANALYSIS = YES;
				CLANG_WARN_STRICT_PROTOTYPES = YES;
				CLANG_WARN_SUSPICIOUS_MOVE = YES;
				CLANG_WARN_UNREACHABLE_CODE = YES;
				CLANG_WARN__DUPLICATE_METHOD_MATCH = YES;
				"CODE_SIGN_IDENTITY[sdk=iphoneos*]" = "iPhone Developer";
				COPY_PHASE_STRIP = NO;
				ENABLE_STRICT_OBJC_MSGSEND = YES;
				ENABLE_TESTABILITY = YES;
				GCC_C_LANGUAGE_STANDARD = gnu99;
				GCC_DYNAMIC_NO_PIC = NO;
				GCC_NO_COMMON_BLOCKS = YES;
				GCC_OPTIMIZATION_LEVEL = 0;
				GCC_PREPROCESSOR_DEFINITIONS = (
					"DEBUG=1",
					"$(inherited)",
				);
				GCC_SYMBOLS_PRIVATE_EXTERN = NO;
				GCC_WARN_64_TO_32_BIT_CONVERSION = YES;
				GCC_WARN_ABOUT_RETURN_TYPE = YES_ERROR;
				GCC_WARN_UNDECLARED_SELECTOR = YES;
				GCC_WARN_UNINITIALIZED_AUTOS = YES_AGGRESSIVE;
				GCC_WARN_UNUSED_FUNCTION = YES;
				GCC_WARN_UNUSED_VARIABLE = YES;
				IPHONEOS_DEPLOYMENT_TARGET = 16.0;
				LD_RUNPATH_SEARCH_PATHS = (
					/usr/lib/swift,
					"$(inherited)",
				);
				LIBRARY_SEARCH_PATHS = "$(SDKROOT)/usr/lib/swift\"$(inherited)\"";
				MTL_ENABLE_DEBUG_INFO = YES;
				ONLY_ACTIVE_ARCH = YES;
				SDKROOT = iphoneos;
				SWIFT_ACTIVE_COMPILATION_CONDITIONS = "$(inherited) DEBUG";
			};
			name = Debug;
		};
		83CBBA211A601CBA00E9B192 /* Release */ = {
			isa = XCBuildConfiguration;
			buildSettings = {
				ALWAYS_SEARCH_USER_PATHS = NO;
				CLANG_ANALYZER_LOCALIZABILITY_NONLOCALIZED = YES;
				CLANG_CXX_LANGUAGE_STANDARD = "c++20";
				CLANG_CXX_LIBRARY = "libc++";
				CLANG_ENABLE_MODULES = YES;
				CLANG_ENABLE_OBJC_ARC = YES;
				CLANG_WARN_BLOCK_CAPTURE_AUTORELEASING = YES;
				CLANG_WARN_BOOL_CONVERSION = YES;
				CLANG_WARN_COMMA = YES;
				CLANG_WARN_CONSTANT_CONVERSION = YES;
				CLANG_WARN_DEPRECATED_OBJC_IMPLEMENTATIONS = YES;
				CLANG_WARN_DIRECT_OBJC_ISA_USAGE = YES_ERROR;
				CLANG_WARN_EMPTY_BODY = YES;
				CLANG_WARN_ENUM_CONVERSION = YES;
				CLANG_WARN_INFINITE_RECURSION = YES;
				CLANG_WARN_INT_CONVERSION = YES;
				CLANG_WARN_NON_LITERAL_NULL_CONVERSION = YES;
				CLANG_WARN_OBJC_IMPLICIT_RETAIN_SELF = YES;
				CLANG_WARN_OBJC_LITERAL_CONVERSION = YES;
				CLANG_WARN_OBJC_ROOT_CLASS = YES_ERROR;
				CLANG_WARN_RANGE_LOOP_ANALYSIS = YES;
				CLANG_WARN_STRICT_PROTOTYPES = YES;
				CLANG_WARN_SUSPICIOUS_MOVE = YES;
				CLANG_WARN_UNREACHABLE_CODE = YES;
				CLANG_WARN__DUPLICATE_METHOD_MATCH = YES;
				"CODE_SIGN_IDENTITY[sdk=iphoneos*]" = "iPhone Developer";
				COPY_PHASE_STRIP = YES;
				ENABLE_NS_ASSERTIONS = NO;
				ENABLE_STRICT_OBJC_MSGSEND = YES;
				GCC_C_LANGUAGE_STANDARD = gnu99;
				GCC_NO_COMMON_BLOCKS = YES;
				GCC_WARN_64_TO_32_BIT_CONVERSION = YES;
				GCC_WARN_ABOUT_RETURN_TYPE = YES_ERROR;
				GCC_WARN_UNDECLARED_SELECTOR = YES;
				GCC_WARN_UNINITIALIZED_AUTOS = YES_AGGRESSIVE;
				GCC_WARN_UNUSED_FUNCTION = YES;
				GCC_WARN_UNUSED_VARIABLE = YES;
				IPHONEOS_DEPLOYMENT_TARGET = 16.0;
				LD_RUNPATH_SEARCH_PATHS = (
					/usr/lib/swift,
					"$(inherited)",
				);
				LIBRARY_SEARCH_PATHS = "$(SDKROOT)/usr/lib/swift\"$(inherited)\"";
				MTL_ENABLE_DEBUG_INFO = NO;
				SDKROOT = iphoneos;
				VALIDATE_PRODUCT = YES;
			};
			name = Release;
		};
		F4000031000000000000000C /* Debug */ = {
			isa = XCBuildConfiguration;
			baseConfigurationReference = F4000006000000000000000C /* Secrets.xcconfig */;
			buildSettings = {
				ASSETCATALOG_COMPILER_APPICON_NAME = AppIcon;
				ASSETCATALOG_COMPILER_GENERATE_SWIFT_ASSET_SYMBOL_EXTENSIONS = YES;
				CLANG_ANALYZER_NONNULL = YES;
				CLANG_ANALYZER_NUMBER_OBJECT_CONVERSION = YES_AGGRESSIVE;
				CLANG_CXX_LANGUAGE_STANDARD = "gnu++20";
				CLANG_ENABLE_MODULES = YES;
				CLANG_ENABLE_OBJC_WEAK = YES;
				CLANG_WARN_DOCUMENTATION_COMMENTS = YES;
				CLANG_WARN_QUOTED_INCLUDE_IN_FRAMEWORK_HEADER = YES;
				CLANG_WARN_UNGUARDED_AVAILABILITY = YES_AGGRESSIVE;
				CODE_SIGN_ENTITLEMENTS = PlanToMeetClip/PlanToMeetClip.entitlements;
				CODE_SIGN_IDENTITY = "Apple Development";
				CODE_SIGN_STYLE = Automatic;
				CURRENT_PROJECT_VERSION = 1;
				DEBUG_INFORMATION_FORMAT = dwarf;
				DEVELOPMENT_TEAM = 3QY3LY2U66;
				ENABLE_RESOURCE_ACCESS_CALENDARS = YES;
				ENABLE_USER_SCRIPT_SANDBOXING = YES;
				GCC_C_LANGUAGE_STANDARD = gnu17;
				GENERATE_INFOPLIST_FILE = YES;
				INFOPLIST_FILE = PlanToMeetClip/Info.plist;
				INFOPLIST_KEY_CFBundleDisplayName = PlanToMeet;
				INFOPLIST_KEY_NSCalendarsFullAccessUsageDescription = "PlanToMeet uses your calendar to add finalized events.";
				INFOPLIST_KEY_NSCalendarsUsageDescription = "PlanToMeet uses your calendar to add finalized events.";
				INFOPLIST_KEY_NSHumanReadableCopyright = "";
				INFOPLIST_KEY_UIApplicationSupportsIndirectInputEvents = YES;
				INFOPLIST_KEY_UIRequiredDeviceCapabilities = arm64;
				INFOPLIST_KEY_UISupportedInterfaceOrientations = UIInterfaceOrientationPortrait;
				INFOPLIST_KEY_UISupportedInterfaceOrientations_iPad = "UIInterfaceOrientationPortrait UIInterfaceOrientationPortraitUpsideDown UIInterfaceOrientationLandscapeLeft UIInterfaceOrientationLandscapeRight";
				INFOPLIST_KEY_UIUserInterfaceStyle = Dark;
				IPHONEOS_DEPLOYMENT_TARGET = 16.0;
				LD_RUNPATH_SEARCH_PATHS = (
					"$(inherited)",
					"@executable_path/Frameworks",
				);
				LOCALIZATION_PREFERS_STRING_CATALOGS = YES;
				MARKETING_VERSION = 1.0;
				MTL_ENABLE_DEBUG_INFO = INCLUDE_SOURCE;
				MTL_FAST_MATH = YES;
				PRODUCT_BUNDLE_IDENTIFIER = com.aviraj.plantomeet.clip;
				PRODUCT_NAME = "$(TARGET_NAME)";
				PROVISIONING_PROFILE_SPECIFIER = "";
				STRING_CATALOG_GENERATE_SYMBOLS = YES;
				SWIFT_ACTIVE_COMPILATION_CONDITIONS = "DEBUG $(inherited)";
				SWIFT_APPROACHABLE_CONCURRENCY = YES;
				SWIFT_EMIT_LOC_STRINGS = YES;
				SWIFT_OPTIMIZATION_LEVEL = "-Onone";
				SWIFT_VERSION = 5.0;
				TARGETED_DEVICE_FAMILY = "1,2";
			};
			name = Debug;
		};
		F4000032000000000000000C /* Release */ = {
			isa = XCBuildConfiguration;
			baseConfigurationReference = F4000006000000000000000C /* Secrets.xcconfig */;
			buildSettings = {
				ASSETCATALOG_COMPILER_APPICON_NAME = AppIcon;
				ASSETCATALOG_COMPILER_GENERATE_SWIFT_ASSET_SYMBOL_EXTENSIONS = YES;
				CLANG_ANALYZER_NONNULL = YES;
				CLANG_ANALYZER_NUMBER_OBJECT_CONVERSION = YES_AGGRESSIVE;
				CLANG_CXX_LANGUAGE_STANDARD = "gnu++20";
				CLANG_ENABLE_MODULES = YES;
				CLANG_ENABLE_OBJC_WEAK = YES;
				CLANG_WARN_DOCUMENTATION_COMMENTS = YES;
				CLANG_WARN_QUOTED_INCLUDE_IN_FRAMEWORK_HEADER = YES;
				CLANG_WARN_UNGUARDED_AVAILABILITY = YES_AGGRESSIVE;
				CODE_SIGN_ENTITLEMENTS = PlanToMeetClip/PlanToMeetClip.entitlements;
				CODE_SIGN_IDENTITY = "Apple Development";
				CODE_SIGN_STYLE = Automatic;
				COPY_PHASE_STRIP = NO;
				CURRENT_PROJECT_VERSION = 1;
				DEBUG_INFORMATION_FORMAT = "dwarf-with-dsym";
				DEVELOPMENT_TEAM = 3QY3LY2U66;
				ENABLE_RESOURCE_ACCESS_CALENDARS = YES;
				ENABLE_USER_SCRIPT_SANDBOXING = YES;
				GCC_C_LANGUAGE_STANDARD = gnu17;
				GENERATE_INFOPLIST_FILE = YES;
				INFOPLIST_FILE = PlanToMeetClip/Info.plist;
				INFOPLIST_KEY_CFBundleDisplayName = PlanToMeet;
				INFOPLIST_KEY_NSCalendarsFullAccessUsageDescription = "PlanToMeet uses your calendar to add finalized events.";
				INFOPLIST_KEY_NSCalendarsUsageDescription = "PlanToMeet uses your calendar to add finalized events.";
				INFOPLIST_KEY_NSHumanReadableCopyright = "";
				INFOPLIST_KEY_UIApplicationSupportsIndirectInputEvents = YES;
				INFOPLIST_KEY_UIRequiredDeviceCapabilities = arm64;
				INFOPLIST_KEY_UISupportedInterfaceOrientations = UIInterfaceOrientationPortrait;
				INFOPLIST_KEY_UISupportedInterfaceOrientations_iPad = "UIInterfaceOrientationPortrait UIInterfaceOrientationPortraitUpsideDown UIInterfaceOrientationLandscapeLeft UIInterfaceOrientationLandscapeRight";
				INFOPLIST_KEY_UIUserInterfaceStyle = Dark;
				IPHONEOS_DEPLOYMENT_TARGET = 16.0;
				LD_RUNPATH_SEARCH_PATHS = (
					"$(inherited)",
					"@executable_path/Frameworks",
				);
				LOCALIZATION_PREFERS_STRING_CATALOGS = YES;
				MARKETING_VERSION = 1.0;
				MTL_FAST_MATH = YES;
				PRODUCT_BUNDLE_IDENTIFIER = com.aviraj.plantomeet.clip;
				PRODUCT_NAME = "$(TARGET_NAME)";
				PROVISIONING_PROFILE_SPECIFIER = "";
				STRING_CATALOG_GENERATE_SYMBOLS = YES;
				SWIFT_APPROACHABLE_CONCURRENCY = YES;
				SWIFT_COMPILATION_MODE = wholemodule;
				SWIFT_EMIT_LOC_STRINGS = YES;
				SWIFT_VERSION = 5.0;
				TARGETED_DEVICE_FAMILY = "1,2";
			};
			name = Release;
		};
/* End XCBuildConfiguration section */

/* Begin XCConfigurationList section */
		13B07F931A680F5B00A75B9A /* Build configuration list for PBXNativeTarget "PlanToMeet" */ = {
			isa = XCConfigurationList;
			buildConfigurations = (
				13B07F941A680F5B00A75B9A /* Debug */,
				13B07F951A680F5B00A75B9A /* Release */,
			);
			defaultConfigurationIsVisible = 0;
			defaultConfigurationName = Release;
		};
		82C5C3472F34969A0076F4AF /* Build configuration list for PBXNativeTarget "PlanToMeetMessages" */ = {
			isa = XCConfigurationList;
			buildConfigurations = (
				82C5C3442F34969A0076F4AF /* Debug */,
				82C5C3452F34969A0076F4AF /* Release */,
			);
			defaultConfigurationIsVisible = 0;
			defaultConfigurationName = Release;
		};
		83CBB9FA1A601CBA00E9B192 /* Build configuration list for PBXProject "PlanToMeet" */ = {
			isa = XCConfigurationList;
			buildConfigurations = (
				83CBBA201A601CBA00E9B192 /* Debug */,
				83CBBA211A601CBA00E9B192 /* Release */,
			);
			defaultConfigurationIsVisible = 0;
			defaultConfigurationName = Release;
		};
		F4000030000000000000000C /* Build configuration list for PBXNativeTarget "PlanToMeetClip" */ = {
			isa = XCConfigurationList;
			buildConfigurations = (
				F4000031000000000000000C /* Debug */,
				F4000032000000000000000C /* Release */,
			);
			defaultConfigurationIsVisible = 0;
			defaultConfigurationName = Release;
		};
/* End XCConfigurationList section */
	};
	rootObject = 83CBB9F71A601CBA00E9B192 /* Project object */;
}
